
Microsoft Visual Studio Solution File, Format Version 12.00
# Visual Studio Version 17
VisualStudioVersion = 17.8.34525.116
MinimumVisualStudioVersion = 10.0.40219.1
Project("{FAE04EC0-301F-11D3-BF4B-00C04F79EFBC}") = "RcpParser", "RcpParser\RcpParser.csproj", "{B1B2A453-0670-44D8-A2B8-49A98A71B33C}"
EndProject
Global
	GlobalSection(SolutionConfigurationPlatforms) = preSolution
		Debug|Any CPU = Debug|Any CPU
		Release|Any CPU = Release|Any CPU
	EndGlobalSection
	GlobalSection(ProjectConfigurationPlatforms) = postSolution
		{B1B2A453-0670-44D8-A2B8-49A98A71B33C}.Debug|Any CPU.ActiveCfg = Debug|Any CPU
		{B1B2A453-0670-44D8-A2B8-49A98A71B33C}.Debug|Any CPU.Build.0 = Debug|Any CPU
		{B1B2A453-0670-44D8-A2B8-49A98A71B33C}.Release|Any CPU.ActiveCfg = Release|Any CPU
		{B1B2A453-0670-44D8-A2B8-49A98A71B33C}.Release|Any CPU.Build.0 = Release|Any CPU
	EndGlobalSection
	GlobalSection(SolutionProperties) = preSolution
		HideSolutionNode = FALSE
	EndGlobalSection
	GlobalSection(ExtensibilityGlobals) = postSolution
		SolutionGuid = {80531C75-B479-42FF-B055-6FA6A149A92F}
	EndGlobalSection
EndGlobal
